
Microsoft Visual Studio Solution File, Format Version 12.00
# Visual Studio 15
VisualStudioVersion = 15.0.27428.2043
MinimumVisualStudioVersion = 10.0.40219.1
Project("{8BC9CEB8-8B4A-11D0-8D11-00A0C91BC942}") = "gpk", "..\gpk\gpk\gpk.vcxproj", "{39953D8D-A830-46BD-917E-1A96C8BDADC6}"
EndProject
Project("{8BC9CEB8-8B4A-11D0-8D11-00A0C91BC942}") = "llc", "..\gpk\llc\llc.vcxproj", "{830AB681-B788-47D4-9767-BA4E0792F682}"
EndProject
Project("{8BC9CEB8-8B4A-11D0-8D11-00A0C91BC942}") = "Tutorial0", "Tutorial0\Tutorial0.vcxproj", "{40F8541D-7325-4CED-8E58-34BE05BA2866}"
	ProjectSection(ProjectDependencies) = postProject
		{830AB681-B788-47D4-9767-BA4E0792F682} = {830AB681-B788-47D4-9767-BA4E0792F682}
		{39953D8D-A830-46BD-917E-1A96C8BDADC6} = {39953D8D-A830-46BD-917E-1A96C8BDADC6}
	EndProjectSection
EndProject
Project("{8BC9CEB8-8B4A-11D0-8D11-00A0C91BC942}") = "grt", "..\gpk\grt\grt.vcxproj", "{080A3A4C-284A-4A84-A71C-D08397D394FD}"
	ProjectSection(ProjectDependencies) = postProject
		{830AB681-B788-47D4-9767-BA4E0792F682} = {830AB681-B788-47D4-9767-BA4E0792F682}
		{39953D8D-A830-46BD-917E-1A96C8BDADC6} = {39953D8D-A830-46BD-917E-1A96C8BDADC6}
	EndProjectSection
EndProject
Project("{8BC9CEB8-8B4A-11D0-8D11-00A0C91BC942}") = "Tutorial0.1", "Tutorial0\Tutorial0.1.vcxproj", "{1832319B-9D96-4EBC-ADD4-C6423BEDBE0C}"
	ProjectSection(ProjectDependencies) = postProject
		{080A3A4C-284A-4A84-A71C-D08397D394FD} = {080A3A4C-284A-4A84-A71C-D08397D394FD}
		{830AB681-B788-47D4-9767-BA4E0792F682} = {830AB681-B788-47D4-9767-BA4E0792F682}
		{39953D8D-A830-46BD-917E-1A96C8BDADC6} = {39953D8D-A830-46BD-917E-1A96C8BDADC6}
	EndProjectSection
EndProject
Global
	GlobalSection(SolutionConfigurationPlatforms) = preSolution
		Debug|x64 = Debug|x64
		Debug|x86 = Debug|x86
		Release|x64 = Release|x64
		Release|x86 = Release|x86
	EndGlobalSection
	GlobalSection(ProjectConfigurationPlatforms) = postSolution
		{39953D8D-A830-46BD-917E-1A96C8BDADC6}.Debug|x64.ActiveCfg = Debug|x64
		{39953D8D-A830-46BD-917E-1A96C8BDADC6}.Debug|x64.Build.0 = Debug|x64
		{39953D8D-A830-46BD-917E-1A96C8BDADC6}.Debug|x86.ActiveCfg = Debug|Win32
		{39953D8D-A830-46BD-917E-1A96C8BDADC6}.Debug|x86.Build.0 = Debug|Win32
		{39953D8D-A830-46BD-917E-1A96C8BDADC6}.Release|x64.ActiveCfg = Release|x64
		{39953D8D-A830-46BD-917E-1A96C8BDADC6}.Release|x64.Build.0 = Release|x64
		{39953D8D-A830-46BD-917E-1A96C8BDADC6}.Release|x86.ActiveCfg = Release|Win32
		{39953D8D-A830-46BD-917E-1A96C8BDADC6}.Release|x86.Build.0 = Release|Win32
		{830AB681-B788-47D4-9767-BA4E0792F682}.Debug|x64.ActiveCfg = Debug|x64
		{830AB681-B788-47D4-9767-BA4E0792F682}.Debug|x64.Build.0 = Debug|x64
		{830AB681-B788-47D4-9767-BA4E0792F682}.Debug|x86.ActiveCfg = Debug|Win32
		{830AB681-B788-47D4-9767-BA4E0792F682}.Debug|x86.Build.0 = Debug|Win32
		{830AB681-B788-47D4-9767-BA4E0792F682}.Release|x64.ActiveCfg = Release|x64
		{830AB681-B788-47D4-9767-BA4E0792F682}.Release|x64.Build.0 = Release|x64
		{830AB681-B788-47D4-9767-BA4E0792F682}.Release|x86.ActiveCfg = Release|Win32
		{830AB681-B788-47D4-9767-BA4E0792F682}.Release|x86.Build.0 = Release|Win32
		{40F8541D-7325-4CED-8E58-34BE05BA2866}.Debug|x64.ActiveCfg = Debug|x64
		{40F8541D-7325-4CED-8E58-34BE05BA2866}.Debug|x64.Build.0 = Debug|x64
		{40F8541D-7325-4CED-8E58-34BE05BA2866}.Debug|x86.ActiveCfg = Debug|Win32
		{40F8541D-7325-4CED-8E58-34BE05BA2866}.Debug|x86.Build.0 = Debug|Win32
		{40F8541D-7325-4CED-8E58-34BE05BA2866}.Release|x64.ActiveCfg = Release|x64
		{40F8541D-7325-4CED-8E58-34BE05BA2866}.Release|x64.Build.0 = Release|x64
		{40F8541D-7325-4CED-8E58-34BE05BA2866}.Release|x86.ActiveCfg = Release|Win32
		{40F8541D-7325-4CED-8E58-34BE05BA2866}.Release|x86.Build.0 = Release|Win32
		{080A3A4C-284A-4A84-A71C-D08397D394FD}.Debug|x64.ActiveCfg = Debug|x64
		{080A3A4C-284A-4A84-A71C-D08397D394FD}.Debug|x64.Build.0 = Debug|x64
		{080A3A4C-284A-4A84-A71C-D08397D394FD}.Debug|x86.ActiveCfg = Debug|Win32
		{080A3A4C-284A-4A84-A71C-D08397D394FD}.Debug|x86.Build.0 = Debug|Win32
		{080A3A4C-284A-4A84-A71C-D08397D394FD}.Release|x64.ActiveCfg = Release|x64
		{080A3A4C-284A-4A84-A71C-D08397D394FD}.Release|x64.Build.0 = Release|x64
		{080A3A4C-284A-4A84-A71C-D08397D394FD}.Release|x86.ActiveCfg = Release|Win32
		{080A3A4C-284A-4A84-A71C-D08397D394FD}.Release|x86.Build.0 = Release|Win32
		{1832319B-9D96-4EBC-ADD4-C6423BEDBE0C}.Debug|x64.ActiveCfg = Debug|x64
		{1832319B-9D96-4EBC-ADD4-C6423BEDBE0C}.Debug|x64.Build.0 = Debug|x64
		{1832319B-9D96-4EBC-ADD4-C6423BEDBE0C}.Debug|x86.ActiveCfg = Debug|Win32
		{1832319B-9D96-4EBC-ADD4-C6423BEDBE0C}.Debug|x86.Build.0 = Debug|Win32
		{1832319B-9D96-4EBC-ADD4-C6423BEDBE0C}.Release|x64.ActiveCfg = Release|x64
		{1832319B-9D96-4EBC-ADD4-C6423BEDBE0C}.Release|x64.Build.0 = Release|x64
		{1832319B-9D96-4EBC-ADD4-C6423BEDBE0C}.Release|x86.ActiveCfg = Release|Win32
		{1832319B-9D96-4EBC-ADD4-C6423BEDBE0C}.Release|x86.Build.0 = Release|Win32
	EndGlobalSection
	GlobalSection(SolutionProperties) = preSolution
		HideSolutionNode = FALSE
	EndGlobalSection
	GlobalSection(ExtensibilityGlobals) = postSolution
		SolutionGuid = {13F2F44B-8C47-462A-81DE-2D7DA2F566CE}
	EndGlobalSection
EndGlobal
